# This file was autogenerated by Stack.
# You should not edit this file by hand.
# For more information, please see the documentation at:
#   https://docs.haskellstack.org/en/stable/lock_files

packages:
- completed:
    cabal-file:
      size: 2974
      sha256: 8e75fa5831daba8da0ec2919101f0dd235ceed887bb44540242c2017b2929ba5
    name: uvmhs
    version: 0.0.0.0
    git: git@github.com:uvm-plaid/uvmhs.git
    pantry-tree:
      size: 183232
      sha256: a7ed48c0cf3193c994f9749d784447672462d06c762069b7ed77071cff16bdc6
    commit: fd4300c1b68e86f7414f1267325ecc7a4dd74c6a
  original:
    git: git@github.com:uvm-plaid/uvmhs.git
    commit: fd4300c1b68e86f7414f1267325ecc7a4dd74c6a
- completed:
    hackage: normaldistribution-1.1.0.3@sha256:2615b784c4112cbf6ffa0e2b55b76790290a9b9dff18a05d8c89aa374b213477,2160
    pantry-tree:
      size: 269
      sha256: 856818862d12df8b030fa9cfef2c4ffa604d06f0eb057498db245dfffcd60e3c
  original:
    hackage: normaldistribution-1.1.0.3
snapshots:
- completed:
    size: 492864
    url: https://raw.githubusercontent.com/commercialhaskell/stackage-snapshots/master/lts/13/2.yaml
    sha256: 586534518d3e7be8617d97ea296f05f497c0b4bb006f100367d66f5c45ae6268
  original: lts-13.2
